
Microsoft Visual Studio Solution File, Format Version 12.00
# Visual Studio 2012
Project("{8BC9CEB8-8B4A-11D0-8D11-00A0C91BC942}") = "Save_Image", "Save_Image\Save_Image.vcxproj", "{DA6BD8B7-3593-4D37-991F-1ADD6B501D24}"
EndProject
Global
	GlobalSection(SolutionConfigurationPlatforms) = preSolution
		Debug|Win32 = Debug|Win32
		Release|Win32 = Release|Win32
	EndGlobalSection
	GlobalSection(ProjectConfigurationPlatforms) = postSolution
		{DA6BD8B7-3593-4D37-991F-1ADD6B501D24}.Debug|Win32.ActiveCfg = Debug|Win32
		{DA6BD8B7-3593-4D37-991F-1ADD6B501D24}.Debug|Win32.Build.0 = Debug|Win32
		{DA6BD8B7-3593-4D37-991F-1ADD6B501D24}.Release|Win32.ActiveCfg = Release|Win32
		{DA6BD8B7-3593-4D37-991F-1ADD6B501D24}.Release|Win32.Build.0 = Release|Win32
	EndGlobalSection
	GlobalSection(SolutionProperties) = preSolution
		HideSolutionNode = FALSE
	EndGlobalSection
EndGlobal
